
Microsoft Visual Studio Solution File, Format Version 12.00
# Visual Studio Version 16
VisualStudioVersion = 16.0.31025.194
MinimumVisualStudioVersion = 10.0.40219.1
Project("{FAE04EC0-301F-11D3-BF4B-00C04F79EFBC}") = "encryptor", "encryptor.csproj", "{A550485C-4489-4F38-9980-9F51F4AB6A6E}"
EndProject
Global
	GlobalSection(SolutionConfigurationPlatforms) = preSolution
		Debug|Any CPU = Debug|Any CPU
		Release|Any CPU = Release|Any CPU
	EndGlobalSection
	GlobalSection(ProjectConfigurationPlatforms) = postSolution
		{A550485C-4489-4F38-9980-9F51F4AB6A6E}.Debug|Any CPU.ActiveCfg = Debug|Any CPU
		{A550485C-4489-4F38-9980-9F51F4AB6A6E}.Debug|Any CPU.Build.0 = Debug|Any CPU
		{A550485C-4489-4F38-9980-9F51F4AB6A6E}.Release|Any CPU.ActiveCfg = Release|Any CPU
		{A550485C-4489-4F38-9980-9F51F4AB6A6E}.Release|Any CPU.Build.0 = Release|Any CPU
	EndGlobalSection
	GlobalSection(SolutionProperties) = preSolution
		HideSolutionNode = FALSE
	EndGlobalSection
	GlobalSection(ExtensibilityGlobals) = postSolution
		SolutionGuid = {8D116DC6-AAFD-4EED-970D-A86B3C2F2631}
	EndGlobalSection
EndGlobal
